
Microsoft Visual Studio Solution File, Format Version 12.00
# Visual Studio Version 17
VisualStudioVersion = 17.11.35327.3
MinimumVisualStudioVersion = 10.0.40219.1
Project("{9A19103F-16F7-4668-BE54-9A1E7A4F7556}") = "PBL_Semester5_Aplikasi_Sertifikasi_v1", "PBL_Semester5_Aplikasi_Sertifikasi_v1.csproj", "{5F4D68F3-110E-4207-9E8B-76B751CAD575}"
EndProject
Global
	GlobalSection(SolutionConfigurationPlatforms) = preSolution
		Debug|Any CPU = Debug|Any CPU
		Release|Any CPU = Release|Any CPU
	EndGlobalSection
	GlobalSection(ProjectConfigurationPlatforms) = postSolution
		{5F4D68F3-110E-4207-9E8B-76B751CAD575}.Debug|Any CPU.ActiveCfg = Debug|Any CPU
		{5F4D68F3-110E-4207-9E8B-76B751CAD575}.Debug|Any CPU.Build.0 = Debug|Any CPU
		{5F4D68F3-110E-4207-9E8B-76B751CAD575}.Release|Any CPU.ActiveCfg = Release|Any CPU
		{5F4D68F3-110E-4207-9E8B-76B751CAD575}.Release|Any CPU.Build.0 = Release|Any CPU
	EndGlobalSection
	GlobalSection(SolutionProperties) = preSolution
		HideSolutionNode = FALSE
	EndGlobalSection
	GlobalSection(ExtensibilityGlobals) = postSolution
		SolutionGuid = {84C7FF0A-F0C3-4A79-8F4A-060B3192806D}
	EndGlobalSection
EndGlobal
